{
  "pins" : [
    {
      "identity" : "bigint",
      "kind" : "remoteSourceControl",
      "location" : "https://github.com/attaswift/BigInt.git",
      "state" : {
        "revision" : "0ed110f7555c34ff468e72e1686e59721f2b0da6",
        "version" : "5.3.0"
      }
    },
    {
      "identity" : "flow-swift",
      "kind" : "remoteSourceControl",
      "location" : "https://github.com/outblock/flow-swift",
      "state" : {
        "revision" : "101a41578b7f8d772af99ab57c257c21ba34d480"
      }
    },
    {
      "identity" : "mobile-flow-go-sdk",
      "kind" : "remoteSourceControl",
      "location" : "https://github.com/dapperlabs/mobile-flow-go-sdk",
      "state" : {
        "revision" : "3d967b2cca719541591a817f2c12b9377070e8cc",
        "version" : "0.0.3"
      }
    }
  ],
  "version" : 2
}
