{
  "object": {
    "pins": [
      {
        "package": "BigInt",
        "repositoryURL": "https://github.com/attaswift/BigInt.git",
        "state": {
          "branch": null,
          "revision": "0ed110f7555c34ff468e72e1686e59721f2b0da6",
          "version": "5.3.0"
        }
      },
      {
        "package": "Flow",
        "repositoryURL": "https://github.com/outblock/flow-swift.git",
        "state": {
          "branch": null,
          "revision": "50b60826c4ce18adaa151946d11d468ac1fc98dd",
          "version": "0.3.9"
        }
      },
      {
        "package": "KeychainAccess",
        "repositoryURL": "https://github.com/kishikawakatsumi/KeychainAccess",
        "state": {
          "branch": null,
          "revision": "84e546727d66f1adc5439debad16270d0fdd04e7",
          "version": "4.2.2"
        }
      },
      {
        "package": "SwiftFormat",
        "repositoryURL": "https://github.com/nicklockwood/SwiftFormat",
        "state": {
          "branch": null,
          "revision": "fef156a6135e584985ed26713dd2e9ee41f952cb",
          "version": "0.53.0"
        }
      },
      {
        "package": "WalletCore",
        "repositoryURL": "https://github.com/Outblock/wallet-core",
        "state": {
          "branch": "master",
          "revision": "24497b1e6f34f171ad421dae8699758bda09e78d",
          "version": null
        }
      }
    ]
  },
  "version": 1
}
